
Microsoft Visual Studio Solution File, Format Version 12.00
# Visual Studio Version 16
VisualStudioVersion = 16.0.31613.86
MinimumVisualStudioVersion = 10.0.40219.1
Project("{9A19103F-16F7-4668-BE54-9A1E7A4F7556}") = "AddressBook-ADO", "AddressBook-ADO\AddressBook-ADO.csproj", "{1AB2A5C6-A405-4537-AB38-F6BD2B323836}"
EndProject
Project("{FAE04EC0-301F-11D3-BF4B-00C04F79EFBC}") = "AddressBook_DataBase", "AddressBook_DataBase\AddressBook_DataBase.csproj", "{5FB1555B-A48D-4A1E-84F7-90721009FBAE}"
EndProject
Global
	GlobalSection(SolutionConfigurationPlatforms) = preSolution
		Debug|Any CPU = Debug|Any CPU
		Release|Any CPU = Release|Any CPU
	EndGlobalSection
	GlobalSection(ProjectConfigurationPlatforms) = postSolution
		{1AB2A5C6-A405-4537-AB38-F6BD2B323836}.Debug|Any CPU.ActiveCfg = Debug|Any CPU
		{1AB2A5C6-A405-4537-AB38-F6BD2B323836}.Debug|Any CPU.Build.0 = Debug|Any CPU
		{1AB2A5C6-A405-4537-AB38-F6BD2B323836}.Release|Any CPU.ActiveCfg = Release|Any CPU
		{1AB2A5C6-A405-4537-AB38-F6BD2B323836}.Release|Any CPU.Build.0 = Release|Any CPU
		{5FB1555B-A48D-4A1E-84F7-90721009FBAE}.Debug|Any CPU.ActiveCfg = Debug|Any CPU
		{5FB1555B-A48D-4A1E-84F7-90721009FBAE}.Debug|Any CPU.Build.0 = Debug|Any CPU
		{5FB1555B-A48D-4A1E-84F7-90721009FBAE}.Release|Any CPU.ActiveCfg = Release|Any CPU
		{5FB1555B-A48D-4A1E-84F7-90721009FBAE}.Release|Any CPU.Build.0 = Release|Any CPU
	EndGlobalSection
	GlobalSection(SolutionProperties) = preSolution
		HideSolutionNode = FALSE
	EndGlobalSection
	GlobalSection(ExtensibilityGlobals) = postSolution
		SolutionGuid = {207F51EA-7FA2-4A7B-8033-8E2BF0926140}
	EndGlobalSection
EndGlobal
